
Microsoft Visual Studio Solution File, Format Version 12.00
# Visual Studio 15
VisualStudioVersion = 15.0.27703.2026
MinimumVisualStudioVersion = 10.0.40219.1
Project("{FAE04EC0-301F-11D3-BF4B-00C04F79EFBC}") = "TABGPatcher", "TABGPatcher\TABGPatcher.csproj", "{D5991A85-AD37-439D-99F5-C3C02DDD5156}"
EndProject
Global
	GlobalSection(SolutionConfigurationPlatforms) = preSolution
		Debug|Any CPU = Debug|Any CPU
		Release|Any CPU = Release|Any CPU
	EndGlobalSection
	GlobalSection(ProjectConfigurationPlatforms) = postSolution
		{D5991A85-AD37-439D-99F5-C3C02DDD5156}.Debug|Any CPU.ActiveCfg = Debug|Any CPU
		{D5991A85-AD37-439D-99F5-C3C02DDD5156}.Debug|Any CPU.Build.0 = Debug|Any CPU
		{D5991A85-AD37-439D-99F5-C3C02DDD5156}.Release|Any CPU.ActiveCfg = Release|Any CPU
		{D5991A85-AD37-439D-99F5-C3C02DDD5156}.Release|Any CPU.Build.0 = Release|Any CPU
	EndGlobalSection
	GlobalSection(SolutionProperties) = preSolution
		HideSolutionNode = FALSE
	EndGlobalSection
	GlobalSection(ExtensibilityGlobals) = postSolution
		SolutionGuid = {2A6800C9-2175-4990-A1E9-0650A5078EEC}
	EndGlobalSection
EndGlobal
